// !$*UTF8*$!
{
	archiveVersion = 1;
	classes = {
	};
	objectVersion = 46;
	objects = {

/* Begin PBXBuildFile section */
		A9BC9B651BCF8198000E35B9 /* main.swift in Sources */ = {isa = PBXBuildFile; fileRef = A9BC9B641BCF8198000E35B9 /* main.swift */; };
		A9BC9B6C1BCF81C7000E35B9 /* Money.swift in Sources */ = {isa = PBXBuildFile; fileRef = A9BC9B6B1BCF81C7000E35B9 /* Money.swift */; settings = {ASSET_TAGS = (); }; };
		A9BC9B6E1BCF8337000E35B9 /* Job.swift in Sources */ = {isa = PBXBuildFile; fileRef = A9BC9B6D1BCF8337000E35B9 /* Job.swift */; settings = {ASSET_TAGS = (); }; };
		A9BC9B701BCF9134000E35B9 /* Person.swift in Sources */ = {isa = PBXBuildFile; fileRef = A9BC9B6F1BCF9134000E35B9 /* Person.swift */; settings = {ASSET_TAGS = (); }; };
		A9BC9B721BCF9605000E35B9 /* Family.swift in Sources */ = {isa = PBXBuildFile; fileRef = A9BC9B711BCF9605000E35B9 /* Family.swift */; settings = {ASSET_TAGS = (); }; };
		A9CD40E21BD0415000AAD60E /* unitTests.swift in Sources */ = {isa = PBXBuildFile; fileRef = A9CD40E11BD0415000AAD60E /* unitTests.swift */; settings = {ASSET_TAGS = (); }; };
/* End PBXBuildFile section */

/* Begin PBXCopyFilesBuildPhase section */
		A9BC9B5F1BCF8198000E35B9 /* CopyFiles */ = {
			isa = PBXCopyFilesBuildPhase;
			buildActionMask = 2147483647;
			dstPath = /usr/share/man/man1/;
			dstSubfolderSpec = 0;
			files = (
			);
			runOnlyForDeploymentPostprocessing = 1;
		};
/* End PBXCopyFilesBuildPhase section */

/* Begin PBXFileReference section */
		A9BC9B611BCF8198000E35B9 /* domain-modeling */ = {isa = PBXFileReference; explicitFileType = "compiled.mach-o.executable"; includeInIndex = 0; path = "domain-modeling"; sourceTree = BUILT_PRODUCTS_DIR; };
		A9BC9B641BCF8198000E35B9 /* main.swift */ = {isa = PBXFileReference; lastKnownFileType = sourcecode.swift; path = main.swift; sourceTree = "<group>"; };
		A9BC9B6B1BCF81C7000E35B9 /* Money.swift */ = {isa = PBXFileReference; fileEncoding = 4; lastKnownFileType = sourcecode.swift; path = Money.swift; sourceTree = "<group>"; };
		A9BC9B6D1BCF8337000E35B9 /* Job.swift */ = {isa = PBXFileReference; fileEncoding = 4; lastKnownFileType = sourcecode.swift; path = Job.swift; sourceTree = "<group>"; };
		A9BC9B6F1BCF9134000E35B9 /* Person.swift */ = {isa = PBXFileReference; fileEncoding = 4; lastKnownFileType = sourcecode.swift; path = Person.swift; sourceTree = "<group>"; };
		A9BC9B711BCF9605000E35B9 /* Family.swift */ = {isa = PBXFileReference; fileEncoding = 4; lastKnownFileType = sourcecode.swift; path = Family.swift; sourceTree = "<group>"; };
		A9CD40E11BD0415000AAD60E /* unitTests.swift */ = {isa = PBXFileReference; fileEncoding = 4; lastKnownFileType = sourcecode.swift; name = unitTests.swift; path = ../unitTests.swift; sourceTree = "<group>"; };
/* End PBXFileReference section */

/* Begin PBXFrameworksBuildPhase section */
		A9BC9B5E1BCF8198000E35B9 /* Frameworks */ = {
			isa = PBXFrameworksBuildPhase;
			buildActionMask = 2147483647;
			files = (
			);
			runOnlyForDeploymentPostprocessing = 0;
		};
/* End PBXFrameworksBuildPhase section */

/* Begin PBXGroup section */
		A9BC9B581BCF8198000E35B9 = {
			isa = PBXGroup;
			children = (
				A9BC9B631BCF8198000E35B9 /* domain-modeling */,
				A9BC9B621BCF8198000E35B9 /* Products */,
			);
			sourceTree = "<group>";
		};
		A9BC9B621BCF8198000E35B9 /* Products */ = {
			isa = PBXGroup;
			children = (
				A9BC9B611BCF8198000E35B9 /* domain-modeling */,
			);
			name = Products;
			sourceTree = "<group>";
		};
		A9BC9B631BCF8198000E35B9 /* domain-modeling */ = {
			isa = PBXGroup;
			children = (
				A9CD40E11BD0415000AAD60E /* unitTests.swift */,
				A9BC9B641BCF8198000E35B9 /* main.swift */,
				A9BC9B711BCF9605000E35B9 /* Family.swift */,
				A9BC9B6F1BCF9134000E35B9 /* Person.swift */,
				A9BC9B6D1BCF8337000E35B9 /* Job.swift */,
				A9BC9B6B1BCF81C7000E35B9 /* Money.swift */,
			);
			path = "domain-modeling";
			sourceTree = "<group>";
		};
/* End PBXGroup section */

/* Begin PBXNativeTarget section */
		A9BC9B601BCF8198000E35B9 /* domain-modeling */ = {
			isa = PBXNativeTarget;
			buildConfigurationList = A9BC9B681BCF8198000E35B9 /* Build configuration list for PBXNativeTarget "domain-modeling" */;
			buildPhases = (
				A9BC9B5D1BCF8198000E35B9 /* Sources */,
				A9BC9B5E1BCF8198000E35B9 /* Frameworks */,
				A9BC9B5F1BCF8198000E35B9 /* CopyFiles */,
			);
			buildRules = (
			);
			dependencies = (
			);
			name = "domain-modeling";
			productName = "domain-modeling";
			productReference = A9BC9B611BCF8198000E35B9 /* domain-modeling */;
			productType = "com.apple.product-type.tool";
		};
/* End PBXNativeTarget section */

/* Begin PBXProject section */
		A9BC9B591BCF8198000E35B9 /* Project object */ = {
			isa = PBXProject;
			attributes = {
				LastUpgradeCheck = 0700;
				ORGANIZATIONNAME = "Bruce Ng";
				TargetAttributes = {
					A9BC9B601BCF8198000E35B9 = {
						CreatedOnToolsVersion = 7.0.1;
					};
				};
			};
			buildConfigurationList = A9BC9B5C1BCF8198000E35B9 /* Build configuration list for PBXProject "domain-modeling" */;
			compatibilityVersion = "Xcode 3.2";
			developmentRegion = English;
			hasScannedForEncodings = 0;
			knownRegions = (
				en,
			);
			mainGroup = A9BC9B581BCF8198000E35B9;
			productRefGroup = A9BC9B621BCF8198000E35B9 /* Products */;
			projectDirPath = "";
			projectRoot = "";
			targets = (
				A9BC9B601BCF8198000E35B9 /* domain-modeling */,
			);
		};
/* End PBXProject section */

/* Begin PBXSourcesBuildPhase section */
		A9BC9B5D1BCF8198000E35B9 /* Sources */ = {
			isa = PBXSourcesBuildPhase;
			buildActionMask = 2147483647;
			files = (
				A9BC9B721BCF9605000E35B9 /* Family.swift in Sources */,
				A9BC9B6C1BCF81C7000E35B9 /* Money.swift in Sources */,
				A9BC9B6E1BCF8337000E35B9 /* Job.swift in Sources */,
				A9CD40E21BD0415000AAD60E /* unitTests.swift in Sources */,
				A9BC9B701BCF9134000E35B9 /* Person.swift in Sources */,
				A9BC9B651BCF8198000E35B9 /* main.swift in Sources */,
			);
			runOnlyForDeploymentPostprocessing = 0;
		};
/* End PBXSourcesBuildPhase section */

/* Begin XCBuildConfiguration section */
		A9BC9B661BCF8198000E35B9 /* Debug */ = {
			isa = XCBuildConfiguration;
			buildSettings = {
				ALWAYS_SEARCH_USER_PATHS = NO;
				CLANG_CXX_LANGUAGE_STANDARD = "gnu++0x";
				CLANG_CXX_LIBRARY = "libc++";
				CLANG_ENABLE_MODULES = YES;
				CLANG_ENABLE_OBJC_ARC = YES;
				CLANG_WARN_BOOL_CONVERSION = YES;
				CLANG_WARN_CONSTANT_CONVERSION = YES;
				CLANG_WARN_DIRECT_OBJC_ISA_USAGE = YES_ERROR;
				CLANG_WARN_EMPTY_BODY = YES;
				CLANG_WARN_ENUM_CONVERSION = YES;
				CLANG_WARN_INT_CONVERSION = YES;
				CLANG_WARN_OBJC_ROOT_CLASS = YES_ERROR;
				CLANG_WARN_UNREACHABLE_CODE = YES;
				CLANG_WARN__DUPLICATE_METHOD_MATCH = YES;
				COPY_PHASE_STRIP = NO;
				DEBUG_INFORMATION_FORMAT = dwarf;
				ENABLE_STRICT_OBJC_MSGSEND = YES;
				ENABLE_TESTABILITY = YES;
				GCC_C_LANGUAGE_STANDARD = gnu99;
				GCC_DYNAMIC_NO_PIC = NO;
				GCC_NO_COMMON_BLOCKS = YES;
				GCC_OPTIMIZATION_LEVEL = 0;
				GCC_PREPROCESSOR_DEFINITIONS = (
					"DEBUG=1",
					"$(inherited)",
				);
				GCC_WARN_64_TO_32_BIT_CONVERSION = YES;
				GCC_WARN_ABOUT_RETURN_TYPE = YES_ERROR;
				GCC_WARN_UNDECLARED_SELECTOR = YES;
				GCC_WARN_UNINITIALIZED_AUTOS = YES_AGGRESSIVE;
				GCC_WARN_UNUSED_FUNCTION = YES;
				GCC_WARN_UNUSED_VARIABLE = YES;
				MACOSX_DEPLOYMENT_TARGET = 10.10;
				MTL_ENABLE_DEBUG_INFO = YES;
				ONLY_ACTIVE_ARCH = YES;
				SDKROOT = macosx;
				SWIFT_OPTIMIZATION_LEVEL = "-Onone";
			};
			name = Debug;
		};
		A9BC9B671BCF8198000E35B9 /* Release */ = {
			isa = XCBuildConfiguration;
			buildSettings = {
				ALWAYS_SEARCH_USER_PATHS = NO;
				CLANG_CXX_LANGUAGE_STANDARD = "gnu++0x";
				CLANG_CXX_LIBRARY = "libc++";
				CLANG_ENABLE_MODULES = YES;
				CLANG_ENABLE_OBJC_ARC = YES;
				CLANG_WARN_BOOL_CONVERSION = YES;
				CLANG_WARN_CONSTANT_CONVERSION = YES;
				CLANG_WARN_DIRECT_OBJC_ISA_USAGE = YES_ERROR;
				CLANG_WARN_EMPTY_BODY = YES;
				CLANG_WARN_ENUM_CONVERSION = YES;
				CLANG_WARN_INT_CONVERSION = YES;
				CLANG_WARN_OBJC_ROOT_CLASS = YES_ERROR;
				CLANG_WARN_UNREACHABLE_CODE = YES;
				CLANG_WARN__DUPLICATE_METHOD_MATCH = YES;
				COPY_PHASE_STRIP = NO;
				DEBUG_INFORMATION_FORMAT = "dwarf-with-dsym";
				ENABLE_NS_ASSERTIONS = NO;
				ENABLE_STRICT_OBJC_MSGSEND = YES;
				GCC_C_LANGUAGE_STANDARD = gnu99;
				GCC_NO_COMMON_BLOCKS = YES;
				GCC_WARN_64_TO_32_BIT_CONVERSION = YES;
				GCC_WARN_ABOUT_RETURN_TYPE = YES_ERROR;
				GCC_WARN_UNDECLARED_SELECTOR = YES;
				GCC_WARN_UNINITIALIZED_AUTOS = YES_AGGRESSIVE;
				GCC_WARN_UNUSED_FUNCTION = YES;
				GCC_WARN_UNUSED_VARIABLE = YES;
				MACOSX_DEPLOYMENT_TARGET = 10.10;
				MTL_ENABLE_DEBUG_INFO = NO;
				SDKROOT = macosx;
			};
			name = Release;
		};
		A9BC9B691BCF8198000E35B9 /* Debug */ = {
			isa = XCBuildConfiguration;
			buildSettings = {
				PRODUCT_NAME = "$(TARGET_NAME)";
			};
			name = Debug;
		};
		A9BC9B6A1BCF8198000E35B9 /* Release */ = {
			isa = XCBuildConfiguration;
			buildSettings = {
				PRODUCT_NAME = "$(TARGET_NAME)";
			};
			name = Release;
		};
/* End XCBuildConfiguration section */

/* Begin XCConfigurationList section */
		A9BC9B5C1BCF8198000E35B9 /* Build configuration list for PBXProject "domain-modeling" */ = {
			isa = XCConfigurationList;
			buildConfigurations = (
				A9BC9B661BCF8198000E35B9 /* Debug */,
				A9BC9B671BCF8198000E35B9 /* Release */,
			);
			defaultConfigurationIsVisible = 0;
			defaultConfigurationName = Release;
		};
		A9BC9B681BCF8198000E35B9 /* Build configuration list for PBXNativeTarget "domain-modeling" */ = {
			isa = XCConfigurationList;
			buildConfigurations = (
				A9BC9B691BCF8198000E35B9 /* Debug */,
				A9BC9B6A1BCF8198000E35B9 /* Release */,
			);
			defaultConfigurationIsVisible = 0;
			defaultConfigurationName = Release;
		};
/* End XCConfigurationList section */
	};
	rootObject = A9BC9B591BCF8198000E35B9 /* Project object */;
}
